
Microsoft Visual Studio Solution File, Format Version 12.00
# Visual Studio 15
VisualStudioVersion = 15.0.26730.15
MinimumVisualStudioVersion = 10.0.40219.1
Project("{8BC9CEB8-8B4A-11D0-8D11-00A0C91BC942}") = "lighter", "lighter.vcxproj", "{C5F80730-F44F-4478-BDAE-6634EFC2CA88}"
EndProject
Project("{8BC9CEB8-8B4A-11D0-8D11-00A0C91BC942}") = "NTPClient", "..\libraries\NTPClient\NTPClient.vcxitems", "{5BD097D8-1EAF-4D48-B65C-EB538A264DC0}"
EndProject
Project("{8BC9CEB8-8B4A-11D0-8D11-00A0C91BC942}") = "ESP8266mDNS", "..\..\..\AppData\Local\arduino15\packages\esp8266\hardware\esp8266\2.4.0\libraries\ESP8266mDNS\ESP8266mDNS.vcxitems", "{B9111612-113B-4861-ABB3-74B6700EE8A1}"
EndProject
Project("{8BC9CEB8-8B4A-11D0-8D11-00A0C91BC942}") = "ESP8266WebServer", "..\..\..\AppData\Local\arduino15\packages\esp8266\hardware\esp8266\2.4.0\libraries\ESP8266WebServer\ESP8266WebServer.vcxitems", "{67E4FF39-84AB-4F20-8C7F-E96D4F3745B5}"
EndProject
Project("{8BC9CEB8-8B4A-11D0-8D11-00A0C91BC942}") = "ESP8266WiFi", "..\..\..\AppData\Local\arduino15\packages\esp8266\hardware\esp8266\2.4.0\libraries\ESP8266WiFi\ESP8266WiFi.vcxitems", "{80D6C254-2A62-4FAD-BD0A-BB420E114683}"
EndProject
Project("{8BC9CEB8-8B4A-11D0-8D11-00A0C91BC942}") = "ArduinoJson", "..\libraries\ArduinoJson\ArduinoJson.vcxitems", "{E8429BED-83E7-4E41-B200-38C23BA084AF}"
EndProject
Global
	GlobalSection(SolutionConfigurationPlatforms) = preSolution
		Debug|x86 = Debug|x86
		Release|x86 = Release|x86
	EndGlobalSection
	GlobalSection(ProjectConfigurationPlatforms) = postSolution
		{C5F80730-F44F-4478-BDAE-6634EFC2CA88}.Debug|x86.ActiveCfg = Debug|Win32
		{C5F80730-F44F-4478-BDAE-6634EFC2CA88}.Debug|x86.Build.0 = Debug|Win32
		{C5F80730-F44F-4478-BDAE-6634EFC2CA88}.Release|x86.ActiveCfg = Release|Win32
		{C5F80730-F44F-4478-BDAE-6634EFC2CA88}.Release|x86.Build.0 = Release|Win32
	EndGlobalSection
	GlobalSection(SolutionProperties) = preSolution
		HideSolutionNode = FALSE
	EndGlobalSection
	GlobalSection(ExtensibilityGlobals) = postSolution
		SolutionGuid = {365A6266-68B1-420F-917E-3ED16F7B19FB}
	EndGlobalSection
EndGlobal
